
Microsoft Visual Studio Solution File, Format Version 12.00
# Visual Studio 15
VisualStudioVersion = 15.0.28307.168
MinimumVisualStudioVersion = 10.0.40219.1
Project("{FAE04EC0-301F-11D3-BF4B-00C04F79EFBC}") = "WebApiModulo10", "WebApiModulo10\WebApiModulo10.csproj", "{056D573B-5C13-40C9-AC12-1A755FD1DF51}"
EndProject
Global
	GlobalSection(SolutionConfigurationPlatforms) = preSolution
		Debug|Any CPU = Debug|Any CPU
		Release|Any CPU = Release|Any CPU
	EndGlobalSection
	GlobalSection(ProjectConfigurationPlatforms) = postSolution
		{056D573B-5C13-40C9-AC12-1A755FD1DF51}.Debug|Any CPU.ActiveCfg = Debug|Any CPU
		{056D573B-5C13-40C9-AC12-1A755FD1DF51}.Debug|Any CPU.Build.0 = Debug|Any CPU
		{056D573B-5C13-40C9-AC12-1A755FD1DF51}.Release|Any CPU.ActiveCfg = Release|Any CPU
		{056D573B-5C13-40C9-AC12-1A755FD1DF51}.Release|Any CPU.Build.0 = Release|Any CPU
	EndGlobalSection
	GlobalSection(SolutionProperties) = preSolution
		HideSolutionNode = FALSE
	EndGlobalSection
	GlobalSection(ExtensibilityGlobals) = postSolution
		SolutionGuid = {C66674D3-2DAD-4476-8B42-C6C17A58D73F}
	EndGlobalSection
EndGlobal
