
Microsoft Visual Studio Solution File, Format Version 12.00
# Visual Studio 15
VisualStudioVersion = 15.0.28307.421
MinimumVisualStudioVersion = 10.0.40219.1
Project("{9A19103F-16F7-4668-BE54-9A1E7A4F7556}") = "WebApiModulo9", "WebApiModulo9\WebApiModulo9.csproj", "{55571AD8-8D49-4AA9-9376-C1DCF19E15EB}"
EndProject
Project("{FAE04EC0-301F-11D3-BF4B-00C04F79EFBC}") = "WebApiPruebasUnitarias", "WebApiPruebasUnitarias\WebApiPruebasUnitarias.csproj", "{5AA175B1-9B7D-4453-8BB6-1961594FFBC2}"
EndProject
Project("{FAE04EC0-301F-11D3-BF4B-00C04F79EFBC}") = "WebApiPruebasDeIntegracion", "WebApiPruebasDeIntegracion\WebApiPruebasDeIntegracion.csproj", "{70B50DC0-F26D-43A5-ADD8-892E0EF30EC2}"
EndProject
Global
	GlobalSection(SolutionConfigurationPlatforms) = preSolution
		Debug|Any CPU = Debug|Any CPU
		Release|Any CPU = Release|Any CPU
	EndGlobalSection
	GlobalSection(ProjectConfigurationPlatforms) = postSolution
		{55571AD8-8D49-4AA9-9376-C1DCF19E15EB}.Debug|Any CPU.ActiveCfg = Debug|Any CPU
		{55571AD8-8D49-4AA9-9376-C1DCF19E15EB}.Debug|Any CPU.Build.0 = Debug|Any CPU
		{55571AD8-8D49-4AA9-9376-C1DCF19E15EB}.Release|Any CPU.ActiveCfg = Release|Any CPU
		{55571AD8-8D49-4AA9-9376-C1DCF19E15EB}.Release|Any CPU.Build.0 = Release|Any CPU
		{5AA175B1-9B7D-4453-8BB6-1961594FFBC2}.Debug|Any CPU.ActiveCfg = Debug|Any CPU
		{5AA175B1-9B7D-4453-8BB6-1961594FFBC2}.Debug|Any CPU.Build.0 = Debug|Any CPU
		{5AA175B1-9B7D-4453-8BB6-1961594FFBC2}.Release|Any CPU.ActiveCfg = Release|Any CPU
		{5AA175B1-9B7D-4453-8BB6-1961594FFBC2}.Release|Any CPU.Build.0 = Release|Any CPU
		{70B50DC0-F26D-43A5-ADD8-892E0EF30EC2}.Debug|Any CPU.ActiveCfg = Debug|Any CPU
		{70B50DC0-F26D-43A5-ADD8-892E0EF30EC2}.Debug|Any CPU.Build.0 = Debug|Any CPU
		{70B50DC0-F26D-43A5-ADD8-892E0EF30EC2}.Release|Any CPU.ActiveCfg = Release|Any CPU
		{70B50DC0-F26D-43A5-ADD8-892E0EF30EC2}.Release|Any CPU.Build.0 = Release|Any CPU
	EndGlobalSection
	GlobalSection(SolutionProperties) = preSolution
		HideSolutionNode = FALSE
	EndGlobalSection
	GlobalSection(ExtensibilityGlobals) = postSolution
		SolutionGuid = {073B762F-2777-4996-A310-00EACB0D951E}
	EndGlobalSection
EndGlobal
