Microsoft Visual Studio Solution File, Format Version 12.00
# Visual Studio Version 17
VisualStudioVersion = 17.5.2.0
MinimumVisualStudioVersion = 10.0.40219.1
Project("{FAE04EC0-301F-11D3-BF4B-00C04F79EFBC}") = "BibliotecaAPI", "BibliotecaAPI.csproj", "{4684C635-4C23-CDE2-7ED9-32D4D3BC7CB8}"
EndProject
Global
	GlobalSection(SolutionConfigurationPlatforms) = preSolution
		Debug|Any CPU = Debug|Any CPU
		Release|Any CPU = Release|Any CPU
	EndGlobalSection
	GlobalSection(ProjectConfigurationPlatforms) = postSolution
		{4684C635-4C23-CDE2-7ED9-32D4D3BC7CB8}.Debug|Any CPU.ActiveCfg = Debug|Any CPU
		{4684C635-4C23-CDE2-7ED9-32D4D3BC7CB8}.Debug|Any CPU.Build.0 = Debug|Any CPU
		{4684C635-4C23-CDE2-7ED9-32D4D3BC7CB8}.Release|Any CPU.ActiveCfg = Release|Any CPU
		{4684C635-4C23-CDE2-7ED9-32D4D3BC7CB8}.Release|Any CPU.Build.0 = Release|Any CPU
	EndGlobalSection
	GlobalSection(SolutionProperties) = preSolution
		HideSolutionNode = FALSE
	EndGlobalSection
	GlobalSection(ExtensibilityGlobals) = postSolution
		SolutionGuid = {18C9EB4F-9E0F-48BA-89FB-25A677774575}
	EndGlobalSection
EndGlobal
