
Microsoft Visual Studio Solution File, Format Version 12.00
# Visual Studio Version 16
VisualStudioVersion = 16.0.31220.234
MinimumVisualStudioVersion = 10.0.40219.1
Project("{FAE04EC0-301F-11D3-BF4B-00C04F79EFBC}") = "WebAPIAutores", "WebAPIAutores\WebAPIAutores.csproj", "{2269ABC8-171B-49B2-BDC1-7C69766ECC53}"
EndProject
Global
	GlobalSection(SolutionConfigurationPlatforms) = preSolution
		Debug|Any CPU = Debug|Any CPU
		Release|Any CPU = Release|Any CPU
	EndGlobalSection
	GlobalSection(ProjectConfigurationPlatforms) = postSolution
		{2269ABC8-171B-49B2-BDC1-7C69766ECC53}.Debug|Any CPU.ActiveCfg = Debug|Any CPU
		{2269ABC8-171B-49B2-BDC1-7C69766ECC53}.Debug|Any CPU.Build.0 = Debug|Any CPU
		{2269ABC8-171B-49B2-BDC1-7C69766ECC53}.Release|Any CPU.ActiveCfg = Release|Any CPU
		{2269ABC8-171B-49B2-BDC1-7C69766ECC53}.Release|Any CPU.Build.0 = Release|Any CPU
	EndGlobalSection
	GlobalSection(SolutionProperties) = preSolution
		HideSolutionNode = FALSE
	EndGlobalSection
	GlobalSection(ExtensibilityGlobals) = postSolution
		SolutionGuid = {498C163F-F600-40F6-A65B-B36D66C09E91}
	EndGlobalSection
EndGlobal
