
Microsoft Visual Studio Solution File, Format Version 12.00
# Visual Studio 15
VisualStudioVersion = 15.0.28307.421
MinimumVisualStudioVersion = 10.0.40219.1
Project("{FAE04EC0-301F-11D3-BF4B-00C04F79EFBC}") = "Introduccion", "Introduccion\Introduccion.csproj", "{EB8F2B33-C9CE-4029-ABF2-A8901F0427F5}"
EndProject
Project("{FAE04EC0-301F-11D3-BF4B-00C04F79EFBC}") = "ProyectoPruebas", "ProyectoPruebas\ProyectoPruebas.csproj", "{3784D090-955F-4575-BBCF-C1990F427B18}"
EndProject
Global
	GlobalSection(SolutionConfigurationPlatforms) = preSolution
		Debug|Any CPU = Debug|Any CPU
		Release|Any CPU = Release|Any CPU
	EndGlobalSection
	GlobalSection(ProjectConfigurationPlatforms) = postSolution
		{EB8F2B33-C9CE-4029-ABF2-A8901F0427F5}.Debug|Any CPU.ActiveCfg = Debug|Any CPU
		{EB8F2B33-C9CE-4029-ABF2-A8901F0427F5}.Debug|Any CPU.Build.0 = Debug|Any CPU
		{EB8F2B33-C9CE-4029-ABF2-A8901F0427F5}.Release|Any CPU.ActiveCfg = Release|Any CPU
		{EB8F2B33-C9CE-4029-ABF2-A8901F0427F5}.Release|Any CPU.Build.0 = Release|Any CPU
		{3784D090-955F-4575-BBCF-C1990F427B18}.Debug|Any CPU.ActiveCfg = Debug|Any CPU
		{3784D090-955F-4575-BBCF-C1990F427B18}.Debug|Any CPU.Build.0 = Debug|Any CPU
		{3784D090-955F-4575-BBCF-C1990F427B18}.Release|Any CPU.ActiveCfg = Release|Any CPU
		{3784D090-955F-4575-BBCF-C1990F427B18}.Release|Any CPU.Build.0 = Release|Any CPU
	EndGlobalSection
	GlobalSection(SolutionProperties) = preSolution
		HideSolutionNode = FALSE
	EndGlobalSection
	GlobalSection(ExtensibilityGlobals) = postSolution
		SolutionGuid = {9BE57494-3EBE-407B-8836-7103D1F748D5}
	EndGlobalSection
EndGlobal
