
Microsoft Visual Studio Solution File, Format Version 12.00
# Visual Studio 15
VisualStudioVersion = 15.0.28307.168
MinimumVisualStudioVersion = 10.0.40219.1
Project("{FAE04EC0-301F-11D3-BF4B-00C04F79EFBC}") = "WebApiModulo4", "WebApiModulo4\WebApiModulo4.csproj", "{5F442C44-D4C7-46D3-921D-61175F33B40A}"
EndProject
Global
	GlobalSection(SolutionConfigurationPlatforms) = preSolution
		Debug|Any CPU = Debug|Any CPU
		Release|Any CPU = Release|Any CPU
	EndGlobalSection
	GlobalSection(ProjectConfigurationPlatforms) = postSolution
		{5F442C44-D4C7-46D3-921D-61175F33B40A}.Debug|Any CPU.ActiveCfg = Debug|Any CPU
		{5F442C44-D4C7-46D3-921D-61175F33B40A}.Debug|Any CPU.Build.0 = Debug|Any CPU
		{5F442C44-D4C7-46D3-921D-61175F33B40A}.Release|Any CPU.ActiveCfg = Release|Any CPU
		{5F442C44-D4C7-46D3-921D-61175F33B40A}.Release|Any CPU.Build.0 = Release|Any CPU
	EndGlobalSection
	GlobalSection(SolutionProperties) = preSolution
		HideSolutionNode = FALSE
	EndGlobalSection
	GlobalSection(ExtensibilityGlobals) = postSolution
		SolutionGuid = {E814624A-EBBA-46E7-BB87-47FFE7BD3542}
	EndGlobalSection
EndGlobal
